{
  "nodes": {
    "bqn": {
      "flake": false,
      "locked": {
        "lastModified": 1692049008,
        "narHash": "sha256-cQL6jFyJvwX8qwuTTNc7wA/QOCFe5Uu4CLPA0VrDI88=",
        "owner": "mlochbaum",
        "repo": "BQN",
        "rev": "1e267df0d2006e75f32c7462181fb80521205c94",
        "type": "github"
      },
      "original": {
        "owner": "mlochbaum",
        "repo": "BQN",
        "type": "github"
      }
    },
    "flake-utils": {
      "inputs": {
        "systems": "systems"
      },
      "locked": {
        "lastModified": 1689068808,
        "narHash": "sha256-6ixXo3wt24N/melDWjq70UuHQLxGV8jZvooRanIHXw0=",
        "owner": "numtide",
        "repo": "flake-utils",
        "rev": "919d646de7be200f3bf08cb76ae1f09402b6f9b4",
        "type": "github"
      },
      "original": {
        "owner": "numtide",
        "repo": "flake-utils",
        "type": "github"
      }
    },
    "leap": {
      "flake": false,
      "locked": {
        "lastModified": 1690120911,
        "narHash": "sha256-9GFZ5CuR92kFGwh/ouqSSp14eOLZLpzpoFTEuYL7biQ=",
        "owner": "ggandor",
        "repo": "leap.nvim",
        "rev": "5efe985cf68fac3b6a6dfe7a75fbfaca8db2af9c",
        "type": "github"
      },
      "original": {
        "owner": "ggandor",
        "repo": "leap.nvim",
        "type": "github"
      }
    },
    "material": {
      "flake": false,
      "locked": {
        "lastModified": 1675960026,
        "narHash": "sha256-n60JXh/HLEihbbEV1A1a1reJOEUVj7jiAJqlq8JxcKk=",
        "owner": "kaicataldo",
        "repo": "material.vim",
        "rev": "b47e7f884cb606c19a20e8e520dfa10c3b3a52f9",
        "type": "github"
      },
      "original": {
        "owner": "kaicataldo",
        "repo": "material.vim",
        "type": "github"
      }
    },
    "nixpkgs": {
      "locked": {
        "lastModified": 1692128808,
        "narHash": "sha256-Di1Zm/P042NuwThMiZNrtmaAjd4Tm2qBOKHX7xUOfMk=",
        "owner": "nixos",
        "repo": "nixpkgs",
        "rev": "4ed9856be002a730234a1a1ed9dcd9dd10cbdb40",
        "type": "github"
      },
      "original": {
        "owner": "nixos",
        "ref": "nixpkgs-unstable",
        "repo": "nixpkgs",
        "type": "github"
      }
    },
    "nixpkgs_2": {
      "locked": {
        "lastModified": 1692190437,
        "narHash": "sha256-yJUZzmzSmDYb9ONPnMQDru66RjZgGQZRvj3tQebkexk=",
        "owner": "nixos",
        "repo": "nixpkgs",
        "rev": "9b2aa98db6b10503666a50f4eb93b2fc0d57bde5",
        "type": "github"
      },
      "original": {
        "owner": "nixos",
        "ref": "nixpkgs-unstable",
        "repo": "nixpkgs",
        "type": "github"
      }
    },
    "nvim-plugin-manager": {
      "inputs": {
        "nixpkgs": "nixpkgs_2"
      },
      "locked": {
        "lastModified": 0,
        "narHash": "sha256-9wYz4FKxdWZOPm+tgZqOijntPw4Y7BM5hyoILTKX+JU=",
        "path": "/nix/store/f2mj85xiwr63j85bb2a97dq54fmxzwfb-source",
        "type": "path"
      },
      "original": {
        "path": "/nix/store/f2mj85xiwr63j85bb2a97dq54fmxzwfb-source",
        "type": "path"
      }
    },
    "plenary": {
      "flake": false,
      "locked": {
        "lastModified": 1689589150,
        "narHash": "sha256-oRtNcURQzrIRS3D88tWAl3HuFHxVJr8m/zzL7xoa/II=",
        "owner": "nvim-lua",
        "repo": "plenary.nvim",
        "rev": "267282a9ce242bbb0c5dc31445b6d353bed978bb",
        "type": "github"
      },
      "original": {
        "owner": "nvim-lua",
        "repo": "plenary.nvim",
        "type": "github"
      }
    },
    "root": {
      "inputs": {
        "bqn": "bqn",
        "flake-utils": "flake-utils",
        "leap": "leap",
        "material": "material",
        "nixpkgs": "nixpkgs",
        "nvim-plugin-manager": "nvim-plugin-manager",
        "plenary": "plenary",
        "telescope-nvim": "telescope-nvim"
      }
    },
    "systems": {
      "locked": {
        "lastModified": 1681028828,
        "narHash": "sha256-Vy1rq5AaRuLzOxct8nz4T6wlgyUR7zLU309k9mBC768=",
        "owner": "nix-systems",
        "repo": "default",
        "rev": "da67096a3b9bf56a91d16901293e51ba5b49a27e",
        "type": "github"
      },
      "original": {
        "owner": "nix-systems",
        "repo": "default",
        "type": "github"
      }
    },
    "telescope-nvim": {
      "flake": false,
      "locked": {
        "lastModified": 1691627694,
        "narHash": "sha256-BU6LFfuloNDhGSFS55sehZAX6mIqpD+R4X+sfu8aZwQ=",
        "owner": "nvim-telescope",
        "repo": "telescope.nvim",
        "rev": "2d92125620417fbea82ec30303823e3cd69e90e8",
        "type": "github"
      },
      "original": {
        "owner": "nvim-telescope",
        "repo": "telescope.nvim",
        "type": "github"
      }
    }
  },
  "root": "root",
  "version": 7
}
