{
  "nodes": {
    "nixpkgs": {
      "locked": {
        "lastModified": 1692190437,
        "narHash": "sha256-yJUZzmzSmDYb9ONPnMQDru66RjZgGQZRvj3tQebkexk=",
        "owner": "nixos",
        "repo": "nixpkgs",
        "rev": "9b2aa98db6b10503666a50f4eb93b2fc0d57bde5",
        "type": "github"
      },
      "original": {
        "owner": "nixos",
        "ref": "nixpkgs-unstable",
        "repo": "nixpkgs",
        "type": "github"
      }
    },
    "root": {
      "inputs": {
        "nixpkgs": "nixpkgs"
      }
    }
  },
  "root": "root",
  "version": 7
}
